
Microsoft Visual Studio Solution File, Format Version 12.00
# Visual Studio 15
VisualStudioVersion = 15.0.27130.2003
MinimumVisualStudioVersion = 10.0.40219.1
Project("{FAE04EC0-301F-11D3-BF4B-00C04F79EFBC}") = "HttpKestrelTest", "HttpKestrelTest\HttpKestrelTest.csproj", "{C56CE7E2-CDE2-43F5-B087-C16FFE4D795A}"
EndProject
Global
	GlobalSection(SolutionConfigurationPlatforms) = preSolution
		Debug|Any CPU = Debug|Any CPU
		Release|Any CPU = Release|Any CPU
	EndGlobalSection
	GlobalSection(ProjectConfigurationPlatforms) = postSolution
		{C56CE7E2-CDE2-43F5-B087-C16FFE4D795A}.Debug|Any CPU.ActiveCfg = Debug|Any CPU
		{C56CE7E2-CDE2-43F5-B087-C16FFE4D795A}.Debug|Any CPU.Build.0 = Debug|Any CPU
		{C56CE7E2-CDE2-43F5-B087-C16FFE4D795A}.Release|Any CPU.ActiveCfg = Release|Any CPU
		{C56CE7E2-CDE2-43F5-B087-C16FFE4D795A}.Release|Any CPU.Build.0 = Release|Any CPU
	EndGlobalSection
	GlobalSection(SolutionProperties) = preSolution
		HideSolutionNode = FALSE
	EndGlobalSection
	GlobalSection(ExtensibilityGlobals) = postSolution
		SolutionGuid = {83215656-DB69-44DE-A966-C76E2CE66EC5}
	EndGlobalSection
EndGlobal
